
Microsoft Visual Studio Solution File, Format Version 12.00
# Visual Studio Version 16
VisualStudioVersion = 16.0.29209.152
MinimumVisualStudioVersion = 10.0.40219.1
Project("{FAE04EC0-301F-11D3-BF4B-00C04F79EFBC}") = "MastermindUserInterface", "MastermindUserInterface\MastermindUserInterface.csproj", "{3BD71BEE-274F-45DF-B9EA-6D7A6F4B3E57}"
EndProject
Project("{FAE04EC0-301F-11D3-BF4B-00C04F79EFBC}") = "MastermindLogicUnit", "MastermindLogicUnit\MastermindLogicUnit.csproj", "{1A6EB1BF-ED0B-4032-B388-0B48EB251392}"
EndProject
Project("{2150E333-8FDC-42A3-9474-1A3956D46DE8}") = "Solution Items", "Solution Items", "{07AA15FD-B177-445D-935D-4FA479C32177}"
	ProjectSection(SolutionItems) = preProject
		Exercise Checking Report.txt = Exercise Checking Report.txt
	EndProjectSection
EndProject
Global
	GlobalSection(SolutionConfigurationPlatforms) = preSolution
		Debug|Any CPU = Debug|Any CPU
		Release|Any CPU = Release|Any CPU
	EndGlobalSection
	GlobalSection(ProjectConfigurationPlatforms) = postSolution
		{3BD71BEE-274F-45DF-B9EA-6D7A6F4B3E57}.Debug|Any CPU.ActiveCfg = Debug|Any CPU
		{3BD71BEE-274F-45DF-B9EA-6D7A6F4B3E57}.Debug|Any CPU.Build.0 = Debug|Any CPU
		{3BD71BEE-274F-45DF-B9EA-6D7A6F4B3E57}.Release|Any CPU.ActiveCfg = Release|Any CPU
		{3BD71BEE-274F-45DF-B9EA-6D7A6F4B3E57}.Release|Any CPU.Build.0 = Release|Any CPU
		{1A6EB1BF-ED0B-4032-B388-0B48EB251392}.Debug|Any CPU.ActiveCfg = Debug|Any CPU
		{1A6EB1BF-ED0B-4032-B388-0B48EB251392}.Debug|Any CPU.Build.0 = Debug|Any CPU
		{1A6EB1BF-ED0B-4032-B388-0B48EB251392}.Release|Any CPU.ActiveCfg = Release|Any CPU
		{1A6EB1BF-ED0B-4032-B388-0B48EB251392}.Release|Any CPU.Build.0 = Release|Any CPU
	EndGlobalSection
	GlobalSection(SolutionProperties) = preSolution
		HideSolutionNode = FALSE
	EndGlobalSection
	GlobalSection(ExtensibilityGlobals) = postSolution
		SolutionGuid = {9CC5A80C-A1EF-4899-B861-870C9DF4EAEA}
	EndGlobalSection
EndGlobal
