
Microsoft Visual Studio Solution File, Format Version 12.00
# Visual Studio Version 16
VisualStudioVersion = 16.0.30621.155
MinimumVisualStudioVersion = 10.0.40219.1
Project("{FAE04EC0-301F-11D3-BF4B-00C04F79EFBC}") = "A22_Ex01_1", "A22_Ex01_1\A22_Ex01_1.csproj", "{6F0416B8-F1B5-44EA-8B79-37B94864EDAF}"
EndProject
Project("{FAE04EC0-301F-11D3-BF4B-00C04F79EFBC}") = "A22_Ex01_2", "A22_Ex01_2\A22_Ex01_2.csproj", "{12B1B0BC-B586-452F-B4DF-F623D7477839}"
EndProject
Project("{FAE04EC0-301F-11D3-BF4B-00C04F79EFBC}") = "A22_Ex01_3", "A22_Ex01_4\A22_Ex01_3.csproj", "{7F53200C-A29D-403C-BA22-B5507702AD2F}"
EndProject
Global
	GlobalSection(SolutionConfigurationPlatforms) = preSolution
		Debug|Any CPU = Debug|Any CPU
		Release|Any CPU = Release|Any CPU
	EndGlobalSection
	GlobalSection(ProjectConfigurationPlatforms) = postSolution
		{6F0416B8-F1B5-44EA-8B79-37B94864EDAF}.Debug|Any CPU.ActiveCfg = Debug|Any CPU
		{6F0416B8-F1B5-44EA-8B79-37B94864EDAF}.Debug|Any CPU.Build.0 = Debug|Any CPU
		{6F0416B8-F1B5-44EA-8B79-37B94864EDAF}.Release|Any CPU.ActiveCfg = Release|Any CPU
		{6F0416B8-F1B5-44EA-8B79-37B94864EDAF}.Release|Any CPU.Build.0 = Release|Any CPU
		{12B1B0BC-B586-452F-B4DF-F623D7477839}.Debug|Any CPU.ActiveCfg = Debug|Any CPU
		{12B1B0BC-B586-452F-B4DF-F623D7477839}.Debug|Any CPU.Build.0 = Debug|Any CPU
		{12B1B0BC-B586-452F-B4DF-F623D7477839}.Release|Any CPU.ActiveCfg = Release|Any CPU
		{12B1B0BC-B586-452F-B4DF-F623D7477839}.Release|Any CPU.Build.0 = Release|Any CPU
		{7F53200C-A29D-403C-BA22-B5507702AD2F}.Debug|Any CPU.ActiveCfg = Debug|Any CPU
		{7F53200C-A29D-403C-BA22-B5507702AD2F}.Debug|Any CPU.Build.0 = Debug|Any CPU
		{7F53200C-A29D-403C-BA22-B5507702AD2F}.Release|Any CPU.ActiveCfg = Release|Any CPU
		{7F53200C-A29D-403C-BA22-B5507702AD2F}.Release|Any CPU.Build.0 = Release|Any CPU
	EndGlobalSection
	GlobalSection(SolutionProperties) = preSolution
		HideSolutionNode = FALSE
	EndGlobalSection
	GlobalSection(ExtensibilityGlobals) = postSolution
		SolutionGuid = {BAE7D10D-B71E-4F40-A566-2263813FEC34}
	EndGlobalSection
EndGlobal
